
Microsoft Visual Studio Solution File, Format Version 12.00
# Visual Studio Version 16
VisualStudioVersion = 16.0.29911.84
MinimumVisualStudioVersion = 10.0.40219.1
Project("{FAE04EC0-301F-11D3-BF4B-00C04F79EFBC}") = "Cytos_v2", "Cytos_v2\Cytos_v2.csproj", "{F5EE5E29-3324-4F66-9251-E595EC9CDCA2}"
EndProject
Project("{FAE04EC0-301F-11D3-BF4B-00C04F79EFBC}") = "Cytos_v2_Tests", "Cytos_v2_Tests\Cytos_v2_Tests.csproj", "{6C7B469B-5BE9-4F01-A855-D1B0F80F3B39}"
	ProjectSection(ProjectDependencies) = postProject
		{1F3364C6-9DA3-4006-B83F-6D1335099895} = {1F3364C6-9DA3-4006-B83F-6D1335099895}
		{B7CAE5F4-A23F-4438-B5BE-41226618B695} = {B7CAE5F4-A23F-4438-B5BE-41226618B695}
	EndProjectSection
EndProject
Project("{FAE04EC0-301F-11D3-BF4B-00C04F79EFBC}") = "Numerics", "Numerics\Numerics.csproj", "{B7CAE5F4-A23F-4438-B5BE-41226618B695}"
	ProjectSection(ProjectDependencies) = postProject
		{1F3364C6-9DA3-4006-B83F-6D1335099895} = {1F3364C6-9DA3-4006-B83F-6D1335099895}
	EndProjectSection
EndProject
Project("{FAE04EC0-301F-11D3-BF4B-00C04F79EFBC}") = "Spatial", "Spatial\Spatial.csproj", "{1F3364C6-9DA3-4006-B83F-6D1335099895}"
EndProject
Project("{FAE04EC0-301F-11D3-BF4B-00C04F79EFBC}") = "OpenFileDialogUnity", "OpenFileDialogUnity\OpenFileDialogUnity\OpenFileDialogUnity.csproj", "{FC1E4F2F-637E-49DF-86AA-2793D50A926D}"
EndProject
Project("{FAE04EC0-301F-11D3-BF4B-00C04F79EFBC}") = "MSystemCreator", "MSystemCreator\MSystemCreator.csproj", "{4A8F38C3-BB51-4CC0-AA9E-9CCC1D600F13}"
EndProject
Project("{FAE04EC0-301F-11D3-BF4B-00C04F79EFBC}") = "SharedComponents", "SharedComponents\SharedComponents.csproj", "{40D9A631-A50D-472B-B06C-2390FE99A0B6}"
EndProject
Project("{FAE04EC0-301F-11D3-BF4B-00C04F79EFBC}") = "MSystemSimulationEngine", "MSystemSimulationEngine\MSystemSimulationEngine.csproj", "{7A3EEC8A-1EF0-43CC-9761-645114343308}"
EndProject
Project("{2150E333-8FDC-42A3-9474-1A3956D46DE8}") = "Solution Items", "Solution Items", "{905CCA27-B5DD-47AF-AC79-CFA92E1944EF}"
	ProjectSection(SolutionItems) = preProject
		ReleaseNotes.txt = ReleaseNotes.txt
	EndProjectSection
EndProject
Global
	GlobalSection(SolutionConfigurationPlatforms) = preSolution
		Debug|Any CPU = Debug|Any CPU
		Release|Any CPU = Release|Any CPU
		Release-Signed|Any CPU = Release-Signed|Any CPU
	EndGlobalSection
	GlobalSection(ProjectConfigurationPlatforms) = postSolution
		{F5EE5E29-3324-4F66-9251-E595EC9CDCA2}.Debug|Any CPU.ActiveCfg = Debug|Any CPU
		{F5EE5E29-3324-4F66-9251-E595EC9CDCA2}.Debug|Any CPU.Build.0 = Debug|Any CPU
		{F5EE5E29-3324-4F66-9251-E595EC9CDCA2}.Release|Any CPU.ActiveCfg = Release|Any CPU
		{F5EE5E29-3324-4F66-9251-E595EC9CDCA2}.Release|Any CPU.Build.0 = Release|Any CPU
		{F5EE5E29-3324-4F66-9251-E595EC9CDCA2}.Release-Signed|Any CPU.ActiveCfg = Release|Any CPU
		{F5EE5E29-3324-4F66-9251-E595EC9CDCA2}.Release-Signed|Any CPU.Build.0 = Release|Any CPU
		{6C7B469B-5BE9-4F01-A855-D1B0F80F3B39}.Debug|Any CPU.ActiveCfg = Debug|Any CPU
		{6C7B469B-5BE9-4F01-A855-D1B0F80F3B39}.Debug|Any CPU.Build.0 = Debug|Any CPU
		{6C7B469B-5BE9-4F01-A855-D1B0F80F3B39}.Release|Any CPU.ActiveCfg = Release|Any CPU
		{6C7B469B-5BE9-4F01-A855-D1B0F80F3B39}.Release|Any CPU.Build.0 = Release|Any CPU
		{6C7B469B-5BE9-4F01-A855-D1B0F80F3B39}.Release-Signed|Any CPU.ActiveCfg = Release|Any CPU
		{6C7B469B-5BE9-4F01-A855-D1B0F80F3B39}.Release-Signed|Any CPU.Build.0 = Release|Any CPU
		{B7CAE5F4-A23F-4438-B5BE-41226618B695}.Debug|Any CPU.ActiveCfg = Debug|Any CPU
		{B7CAE5F4-A23F-4438-B5BE-41226618B695}.Debug|Any CPU.Build.0 = Debug|Any CPU
		{B7CAE5F4-A23F-4438-B5BE-41226618B695}.Release|Any CPU.ActiveCfg = Release|Any CPU
		{B7CAE5F4-A23F-4438-B5BE-41226618B695}.Release|Any CPU.Build.0 = Release|Any CPU
		{B7CAE5F4-A23F-4438-B5BE-41226618B695}.Release-Signed|Any CPU.ActiveCfg = Release-Signed|Any CPU
		{B7CAE5F4-A23F-4438-B5BE-41226618B695}.Release-Signed|Any CPU.Build.0 = Release-Signed|Any CPU
		{1F3364C6-9DA3-4006-B83F-6D1335099895}.Debug|Any CPU.ActiveCfg = Debug|Any CPU
		{1F3364C6-9DA3-4006-B83F-6D1335099895}.Debug|Any CPU.Build.0 = Debug|Any CPU
		{1F3364C6-9DA3-4006-B83F-6D1335099895}.Release|Any CPU.ActiveCfg = Release|Any CPU
		{1F3364C6-9DA3-4006-B83F-6D1335099895}.Release|Any CPU.Build.0 = Release|Any CPU
		{1F3364C6-9DA3-4006-B83F-6D1335099895}.Release-Signed|Any CPU.ActiveCfg = Release|Any CPU
		{1F3364C6-9DA3-4006-B83F-6D1335099895}.Release-Signed|Any CPU.Build.0 = Release|Any CPU
		{FC1E4F2F-637E-49DF-86AA-2793D50A926D}.Debug|Any CPU.ActiveCfg = Debug|Any CPU
		{FC1E4F2F-637E-49DF-86AA-2793D50A926D}.Debug|Any CPU.Build.0 = Debug|Any CPU
		{FC1E4F2F-637E-49DF-86AA-2793D50A926D}.Release|Any CPU.ActiveCfg = Release|Any CPU
		{FC1E4F2F-637E-49DF-86AA-2793D50A926D}.Release|Any CPU.Build.0 = Release|Any CPU
		{FC1E4F2F-637E-49DF-86AA-2793D50A926D}.Release-Signed|Any CPU.ActiveCfg = Release|Any CPU
		{FC1E4F2F-637E-49DF-86AA-2793D50A926D}.Release-Signed|Any CPU.Build.0 = Release|Any CPU
		{4A8F38C3-BB51-4CC0-AA9E-9CCC1D600F13}.Debug|Any CPU.ActiveCfg = Debug|Any CPU
		{4A8F38C3-BB51-4CC0-AA9E-9CCC1D600F13}.Debug|Any CPU.Build.0 = Debug|Any CPU
		{4A8F38C3-BB51-4CC0-AA9E-9CCC1D600F13}.Release|Any CPU.ActiveCfg = Release|Any CPU
		{4A8F38C3-BB51-4CC0-AA9E-9CCC1D600F13}.Release|Any CPU.Build.0 = Release|Any CPU
		{4A8F38C3-BB51-4CC0-AA9E-9CCC1D600F13}.Release-Signed|Any CPU.ActiveCfg = Release|Any CPU
		{4A8F38C3-BB51-4CC0-AA9E-9CCC1D600F13}.Release-Signed|Any CPU.Build.0 = Release|Any CPU
		{40D9A631-A50D-472B-B06C-2390FE99A0B6}.Debug|Any CPU.ActiveCfg = Debug|Any CPU
		{40D9A631-A50D-472B-B06C-2390FE99A0B6}.Debug|Any CPU.Build.0 = Debug|Any CPU
		{40D9A631-A50D-472B-B06C-2390FE99A0B6}.Release|Any CPU.ActiveCfg = Release|Any CPU
		{40D9A631-A50D-472B-B06C-2390FE99A0B6}.Release|Any CPU.Build.0 = Release|Any CPU
		{40D9A631-A50D-472B-B06C-2390FE99A0B6}.Release-Signed|Any CPU.ActiveCfg = Release|Any CPU
		{40D9A631-A50D-472B-B06C-2390FE99A0B6}.Release-Signed|Any CPU.Build.0 = Release|Any CPU
		{7A3EEC8A-1EF0-43CC-9761-645114343308}.Debug|Any CPU.ActiveCfg = Debug|Any CPU
		{7A3EEC8A-1EF0-43CC-9761-645114343308}.Debug|Any CPU.Build.0 = Debug|Any CPU
		{7A3EEC8A-1EF0-43CC-9761-645114343308}.Release|Any CPU.ActiveCfg = Release|Any CPU
		{7A3EEC8A-1EF0-43CC-9761-645114343308}.Release|Any CPU.Build.0 = Release|Any CPU
		{7A3EEC8A-1EF0-43CC-9761-645114343308}.Release-Signed|Any CPU.ActiveCfg = Release|Any CPU
		{7A3EEC8A-1EF0-43CC-9761-645114343308}.Release-Signed|Any CPU.Build.0 = Release|Any CPU
	EndGlobalSection
	GlobalSection(SolutionProperties) = preSolution
		HideSolutionNode = FALSE
	EndGlobalSection
	GlobalSection(ExtensibilityGlobals) = postSolution
		SolutionGuid = {5F24FF84-2ADE-48FF-81BA-B0ACE9677A4A}
	EndGlobalSection
EndGlobal
